speakeasyVersion: 1.612.0
sources:
    KSeF API TE:
        sourceNamespace: k-se-f-api-te
        sourceRevisionDigest: sha256:a8a1d712e9a57105eae32ab11c73ebabf1078620ac0259927ed8980e2aac3ce3
        sourceBlobDigest: sha256:5740656b2a2db4d6ad880c2bf2c5faaea37b256be755de60cbc99ef38c3350c8
        tags:
            - latest
            - v2
targets:
    ksef1:
        source: KSeF API TE
        sourceNamespace: k-se-f-api-te
        sourceRevisionDigest: sha256:a8a1d712e9a57105eae32ab11c73ebabf1078620ac0259927ed8980e2aac3ce3
        sourceBlobDigest: sha256:5740656b2a2db4d6ad880c2bf2c5faaea37b256be755de60cbc99ef38c3350c8
        codeSamplesNamespace: k-se-f-api-te-php-code-samples
        codeSamplesRevisionDigest: sha256:8046f653f0447b34ab39edc5b6f0b423cda172863179ce9aae5bf990af0fa7bb
workflow:
    workflowVersion: 1.0.0
    speakeasyVersion: latest
    sources:
        KSeF API TE:
            inputs:
                - location: openapi.yaml
            overlays:
                - location: .speakeasy\speakeasy-modifications-overlay.yaml
            output: .speakeasy/out.openapi.yaml
            registry:
                location: registry.speakeasyapi.dev/intermedia/ksef-wpw/k-se-f-api-te
    targets:
        ksef1:
            target: php
            source: KSeF API TE
            publish:
                packagist:
                    username: $packagist_username
                    token: $packagist_token
            codeSamples:
                registry:
                    location: registry.speakeasyapi.dev/intermedia/ksef-wpw/k-se-f-api-te-php-code-samples
                labelOverride:
                    fixedValue: Php (SDK)
                blocking: false
