speakeasyVersion: 1.611.1
sources:
    KSeF API TE:
        sourceNamespace: k-se-f-api-te
        sourceRevisionDigest: sha256:d532f2c9321988b01f6276b27d0671e3dec3ac803543d63c71bbc219dfdebdee
        sourceBlobDigest: sha256:30d6b9022f78d468029b56b0e32df9aa16688faa09552255365ba4c148a6c299
        tags:
            - latest
            - v2
targets:
    ksef1:
        source: KSeF API TE
        sourceNamespace: k-se-f-api-te
        sourceRevisionDigest: sha256:d532f2c9321988b01f6276b27d0671e3dec3ac803543d63c71bbc219dfdebdee
        sourceBlobDigest: sha256:30d6b9022f78d468029b56b0e32df9aa16688faa09552255365ba4c148a6c299
        codeSamplesNamespace: k-se-f-api-te-php-code-samples
        codeSamplesRevisionDigest: sha256:5bb5bb1014bbbafc42e7855cd452a807b2e320e84561f05997775c95a81d00be
workflow:
    workflowVersion: 1.0.0
    speakeasyVersion: latest
    sources:
        KSeF API TE:
            inputs:
                - location: openapi.yaml
            overlays:
                - location: .speakeasy\speakeasy-modifications-overlay.yaml
            output: .speakeasy/out.openapi.yaml
            registry:
                location: registry.speakeasyapi.dev/intermedia/ksef-wpw/k-se-f-api-te
    targets:
        ksef1:
            target: php
            source: KSeF API TE
            publish:
                packagist:
                    username: $packagist_username
                    token: $packagist_token
            codeSamples:
                registry:
                    location: registry.speakeasyapi.dev/intermedia/ksef-wpw/k-se-f-api-te-php-code-samples
                labelOverride:
                    fixedValue: Php (SDK)
                blocking: false
